
Microsoft Visual Studio Solution File, Format Version 12.00
# Visual Studio 15
VisualStudioVersion = 15.0.28307.1525
MinimumVisualStudioVersion = 10.0.40219.1
Project("{FAE04EC0-301F-11D3-BF4B-00C04F79EFBC}") = "BouncyCastle.Diffie-hellman", "BouncyCastle.Diffie-hellman\BouncyCastle.Diffie-hellman.csproj", "{95E188A6-B886-448B-B899-63EFE85D750A}"
EndProject
Project("{FAE04EC0-301F-11D3-BF4B-00C04F79EFBC}") = "BouncyCastle.Diffie-hellman.Demo", "BouncyCastle.Diffie-hellman.Demo\BouncyCastle.Diffie-hellman.Demo.csproj", "{19D4BD5D-9400-4F9A-BC31-065FCEF247A1}"
EndProject
Global
	GlobalSection(SolutionConfigurationPlatforms) = preSolution
		Debug|Any CPU = Debug|Any CPU
		Release|Any CPU = Release|Any CPU
	EndGlobalSection
	GlobalSection(ProjectConfigurationPlatforms) = postSolution
		{95E188A6-B886-448B-B899-63EFE85D750A}.Debug|Any CPU.ActiveCfg = Debug|Any CPU
		{95E188A6-B886-448B-B899-63EFE85D750A}.Debug|Any CPU.Build.0 = Debug|Any CPU
		{95E188A6-B886-448B-B899-63EFE85D750A}.Release|Any CPU.ActiveCfg = Release|Any CPU
		{95E188A6-B886-448B-B899-63EFE85D750A}.Release|Any CPU.Build.0 = Release|Any CPU
		{19D4BD5D-9400-4F9A-BC31-065FCEF247A1}.Debug|Any CPU.ActiveCfg = Debug|Any CPU
		{19D4BD5D-9400-4F9A-BC31-065FCEF247A1}.Debug|Any CPU.Build.0 = Debug|Any CPU
		{19D4BD5D-9400-4F9A-BC31-065FCEF247A1}.Release|Any CPU.ActiveCfg = Release|Any CPU
		{19D4BD5D-9400-4F9A-BC31-065FCEF247A1}.Release|Any CPU.Build.0 = Release|Any CPU
	EndGlobalSection
	GlobalSection(SolutionProperties) = preSolution
		HideSolutionNode = FALSE
	EndGlobalSection
	GlobalSection(ExtensibilityGlobals) = postSolution
		SolutionGuid = {60253072-0F55-48C5-A49E-16C3EDE4D187}
	EndGlobalSection
EndGlobal
